
Microsoft Visual Studio Solution File, Format Version 12.00
# Visual Studio Version 17
VisualStudioVersion = 17.7.34031.279
MinimumVisualStudioVersion = 10.0.40219.1
Project("{FAE04EC0-301F-11D3-BF4B-00C04F79EFBC}") = "MaoconN", "MaoconN\MaoconN.csproj", "{AD977F3D-1B6D-44D5-A29F-1E9C98A74CE8}"
EndProject
Project("{FAE04EC0-301F-11D3-BF4B-00C04F79EFBC}") = "AccesoDatos", "AccesoDatos\AccesoDatos.csproj", "{FBCFDEF8-E149-483A-949F-323C900A5B5F}"
EndProject
Project("{FAE04EC0-301F-11D3-BF4B-00C04F79EFBC}") = "Datos", "Datos\Datos.csproj", "{05519101-F15F-476A-AF01-E57A40360512}"
EndProject
Project("{FAE04EC0-301F-11D3-BF4B-00C04F79EFBC}") = "Logica", "Logica\Logica.csproj", "{215966D2-E9EF-4AA6-BAEC-FB3C156B0D31}"
EndProject
Project("{FAE04EC0-301F-11D3-BF4B-00C04F79EFBC}") = "DTO", "DTO\DTO.csproj", "{48D27308-E27C-4584-BC1B-D4074524921C}"
EndProject
Global
	GlobalSection(SolutionConfigurationPlatforms) = preSolution
		Debug|Any CPU = Debug|Any CPU
		Release|Any CPU = Release|Any CPU
	EndGlobalSection
	GlobalSection(ProjectConfigurationPlatforms) = postSolution
		{AD977F3D-1B6D-44D5-A29F-1E9C98A74CE8}.Debug|Any CPU.ActiveCfg = Debug|Any CPU
		{AD977F3D-1B6D-44D5-A29F-1E9C98A74CE8}.Debug|Any CPU.Build.0 = Debug|Any CPU
		{AD977F3D-1B6D-44D5-A29F-1E9C98A74CE8}.Release|Any CPU.ActiveCfg = Release|Any CPU
		{AD977F3D-1B6D-44D5-A29F-1E9C98A74CE8}.Release|Any CPU.Build.0 = Release|Any CPU
		{FBCFDEF8-E149-483A-949F-323C900A5B5F}.Debug|Any CPU.ActiveCfg = Debug|Any CPU
		{FBCFDEF8-E149-483A-949F-323C900A5B5F}.Debug|Any CPU.Build.0 = Debug|Any CPU
		{FBCFDEF8-E149-483A-949F-323C900A5B5F}.Release|Any CPU.ActiveCfg = Release|Any CPU
		{FBCFDEF8-E149-483A-949F-323C900A5B5F}.Release|Any CPU.Build.0 = Release|Any CPU
		{05519101-F15F-476A-AF01-E57A40360512}.Debug|Any CPU.ActiveCfg = Debug|Any CPU
		{05519101-F15F-476A-AF01-E57A40360512}.Debug|Any CPU.Build.0 = Debug|Any CPU
		{05519101-F15F-476A-AF01-E57A40360512}.Release|Any CPU.ActiveCfg = Release|Any CPU
		{05519101-F15F-476A-AF01-E57A40360512}.Release|Any CPU.Build.0 = Release|Any CPU
		{215966D2-E9EF-4AA6-BAEC-FB3C156B0D31}.Debug|Any CPU.ActiveCfg = Debug|Any CPU
		{215966D2-E9EF-4AA6-BAEC-FB3C156B0D31}.Debug|Any CPU.Build.0 = Debug|Any CPU
		{215966D2-E9EF-4AA6-BAEC-FB3C156B0D31}.Release|Any CPU.ActiveCfg = Release|Any CPU
		{215966D2-E9EF-4AA6-BAEC-FB3C156B0D31}.Release|Any CPU.Build.0 = Release|Any CPU
		{48D27308-E27C-4584-BC1B-D4074524921C}.Debug|Any CPU.ActiveCfg = Debug|Any CPU
		{48D27308-E27C-4584-BC1B-D4074524921C}.Debug|Any CPU.Build.0 = Debug|Any CPU
		{48D27308-E27C-4584-BC1B-D4074524921C}.Release|Any CPU.ActiveCfg = Release|Any CPU
		{48D27308-E27C-4584-BC1B-D4074524921C}.Release|Any CPU.Build.0 = Release|Any CPU
	EndGlobalSection
	GlobalSection(SolutionProperties) = preSolution
		HideSolutionNode = FALSE
	EndGlobalSection
	GlobalSection(ExtensibilityGlobals) = postSolution
		SolutionGuid = {6B091C7B-F025-4961-8113-C3B88DF8E9E0}
	EndGlobalSection
EndGlobal
